// !$*UTF8*$!
{
	archiveVersion = 1;
	classes = {
	};
	objectVersion = 56;
	objects = {

/* Begin PBXBuildFile section */
		6B0126DC2C26819500CF66F2 /* finalViewController.swift in Sources */ = {isa = PBXBuildFile; fileRef = 6B0126DB2C26819500CF66F2 /* finalViewController.swift */; };
		6B1A93BA2C081B460071174F /* playAFriend.swift in Sources */ = {isa = PBXBuildFile; fileRef = 6B1A93B92C081B460071174F /* playAFriend.swift */; };
		6B2CF95B2C0967BF006ECDB3 /* Assets.xcassets in Resources */ = {isa = PBXBuildFile; fileRef = 6B2CF95A2C0967BE006ECDB3 /* Assets.xcassets */; };
		6B72E2172C04BDCD0069E19F /* tabmenu.swift in Sources */ = {isa = PBXBuildFile; fileRef = 6B72E2162C04BDCD0069E19F /* tabmenu.swift */; };
		6B72E21B2C04C0370069E19F /* puzzleViewController.swift in Sources */ = {isa = PBXBuildFile; fileRef = 6B72E21A2C04C0370069E19F /* puzzleViewController.swift */; };
		6B72E21D2C04C0600069E19F /* learnViewController.swift in Sources */ = {isa = PBXBuildFile; fileRef = 6B72E21C2C04C0600069E19F /* learnViewController.swift */; };
		6B72E21F2C04C0850069E19F /* watchViewController.swift in Sources */ = {isa = PBXBuildFile; fileRef = 6B72E21E2C04C0850069E19F /* watchViewController.swift */; };
		6B72E2212C04C0B20069E19F /* moreViewController.swift in Sources */ = {isa = PBXBuildFile; fileRef = 6B72E2202C04C0B20069E19F /* moreViewController.swift */; };
		6B72E2252C069D920069E19F /* playMenuController.swift in Sources */ = {isa = PBXBuildFile; fileRef = 6B72E2242C069D920069E19F /* playMenuController.swift */; };
		6B7D96B52C08D90200A1D59E /* chessBoardView.swift in Sources */ = {isa = PBXBuildFile; fileRef = 6B7D96B42C08D90200A1D59E /* chessBoardView.swift */; };
		6B8CC5B42C25F27700BD8425 /* userCard.xib in Resources */ = {isa = PBXBuildFile; fileRef = 6B8CC5B32C25F27700BD8425 /* userCard.xib */; };
		6B8CC5B62C25F37200BD8425 /* friendCard.swift in Sources */ = {isa = PBXBuildFile; fileRef = 6B8CC5B52C25F37200BD8425 /* friendCard.swift */; };
		6B9365412BF6D55E00B59021 /* AppDelegate.swift in Sources */ = {isa = PBXBuildFile; fileRef = 6B9365402BF6D55E00B59021 /* AppDelegate.swift */; };
		6B9365432BF6D55E00B59021 /* SceneDelegate.swift in Sources */ = {isa = PBXBuildFile; fileRef = 6B9365422BF6D55E00B59021 /* SceneDelegate.swift */; };
		6B9365452BF6D55E00B59021 /* ViewController.swift in Sources */ = {isa = PBXBuildFile; fileRef = 6B9365442BF6D55E00B59021 /* ViewController.swift */; };
		6B9365482BF6D55E00B59021 /* Main.storyboard in Resources */ = {isa = PBXBuildFile; fileRef = 6B9365462BF6D55E00B59021 /* Main.storyboard */; };
		6B93654B2BF6D55E00B59021 /* chess.xcdatamodeld in Sources */ = {isa = PBXBuildFile; fileRef = 6B9365492BF6D55E00B59021 /* chess.xcdatamodeld */; };
		6B9365502BF6D56000B59021 /* LaunchScreen.storyboard in Resources */ = {isa = PBXBuildFile; fileRef = 6B93654E2BF6D56000B59021 /* LaunchScreen.storyboard */; };
		6B93657B2C024A8600B59021 /* chessv3.ttf in Resources */ = {isa = PBXBuildFile; fileRef = 6B93657A2C024A8500B59021 /* chessv3.ttf */; };
		6BB1EDF72C0D165D00BB7AD8 /* jsonModel.swift in Sources */ = {isa = PBXBuildFile; fileRef = 6BB1EDF62C0D165D00BB7AD8 /* jsonModel.swift */; };
		6BDBD8632C20635500285B5B /* chatViewController.swift in Sources */ = {isa = PBXBuildFile; fileRef = 6BDBD8622C20635500285B5B /* chatViewController.swift */; };
		6BE6D53B2C0E73B800F046EA /* chessMoves.swift in Sources */ = {isa = PBXBuildFile; fileRef = 6BE6D53A2C0E73B800F046EA /* chessMoves.swift */; };
		6BEF187E2C133C5200D97B60 /* popup.swift in Sources */ = {isa = PBXBuildFile; fileRef = 6BEF187D2C133C5200D97B60 /* popup.swift */; };
		6BEF18A32C14FC6900D97B60 /* matchData.swift in Sources */ = {isa = PBXBuildFile; fileRef = 6BEF18A22C14FC6900D97B60 /* matchData.swift */; };
		6BEF18A52C19D33F00D97B60 /* pop.xib in Resources */ = {isa = PBXBuildFile; fileRef = 6BEF18A42C19D33F00D97B60 /* pop.xib */; };
		6BEF18A72C1A471F00D97B60 /* signupViewController.swift in Sources */ = {isa = PBXBuildFile; fileRef = 6BEF18A62C1A471F00D97B60 /* signupViewController.swift */; };
		6BEF18A92C1A48CD00D97B60 /* signup.storyboard in Resources */ = {isa = PBXBuildFile; fileRef = 6BEF18A82C1A48CD00D97B60 /* signup.storyboard */; };
		6BEF18AB2C1A6FE300D97B60 /* passwordViewController.swift in Sources */ = {isa = PBXBuildFile; fileRef = 6BEF18AA2C1A6FE300D97B60 /* passwordViewController.swift */; };
		6BEF18AD2C1A6FFF00D97B60 /* usernameViewController.swift in Sources */ = {isa = PBXBuildFile; fileRef = 6BEF18AC2C1A6FFF00D97B60 /* usernameViewController.swift */; };
		6BEF18AF2C1A702A00D97B60 /* mailViewController.swift in Sources */ = {isa = PBXBuildFile; fileRef = 6BEF18AE2C1A702A00D97B60 /* mailViewController.swift */; };
		6BEF18B12C1A8F6D00D97B60 /* loginViewController.swift in Sources */ = {isa = PBXBuildFile; fileRef = 6BEF18B02C1A8F6D00D97B60 /* loginViewController.swift */; };
		6BF1B6E72C08295600B07951 /* MatchViewController.swift in Sources */ = {isa = PBXBuildFile; fileRef = 6BF1B6E62C08295600B07951 /* MatchViewController.swift */; };
/* End PBXBuildFile section */

/* Begin PBXFileReference section */
		6B0126DB2C26819500CF66F2 /* finalViewController.swift */ = {isa = PBXFileReference; lastKnownFileType = sourcecode.swift; path = finalViewController.swift; sourceTree = "<group>"; };
		6B1A93B92C081B460071174F /* playAFriend.swift */ = {isa = PBXFileReference; lastKnownFileType = sourcecode.swift; path = playAFriend.swift; sourceTree = "<group>"; };
		6B2CF95A2C0967BE006ECDB3 /* Assets.xcassets */ = {isa = PBXFileReference; lastKnownFileType = folder.assetcatalog; path = Assets.xcassets; sourceTree = "<group>"; };
		6B72E2162C04BDCD0069E19F /* tabmenu.swift */ = {isa = PBXFileReference; lastKnownFileType = sourcecode.swift; path = tabmenu.swift; sourceTree = "<group>"; };
		6B72E21A2C04C0370069E19F /* puzzleViewController.swift */ = {isa = PBXFileReference; lastKnownFileType = sourcecode.swift; path = puzzleViewController.swift; sourceTree = "<group>"; };
		6B72E21C2C04C0600069E19F /* learnViewController.swift */ = {isa = PBXFileReference; lastKnownFileType = sourcecode.swift; path = learnViewController.swift; sourceTree = "<group>"; };
		6B72E21E2C04C0850069E19F /* watchViewController.swift */ = {isa = PBXFileReference; lastKnownFileType = sourcecode.swift; path = watchViewController.swift; sourceTree = "<group>"; };
		6B72E2202C04C0B20069E19F /* moreViewController.swift */ = {isa = PBXFileReference; lastKnownFileType = sourcecode.swift; path = moreViewController.swift; sourceTree = "<group>"; };
		6B72E2242C069D920069E19F /* playMenuController.swift */ = {isa = PBXFileReference; lastKnownFileType = sourcecode.swift; path = playMenuController.swift; sourceTree = "<group>"; };
		6B7D96B42C08D90200A1D59E /* chessBoardView.swift */ = {isa = PBXFileReference; lastKnownFileType = sourcecode.swift; path = chessBoardView.swift; sourceTree = "<group>"; };
		6B8CC5B32C25F27700BD8425 /* userCard.xib */ = {isa = PBXFileReference; lastKnownFileType = file.xib; path = userCard.xib; sourceTree = "<group>"; };
		6B8CC5B52C25F37200BD8425 /* friendCard.swift */ = {isa = PBXFileReference; lastKnownFileType = sourcecode.swift; path = friendCard.swift; sourceTree = "<group>"; };
		6B93653D2BF6D55E00B59021 /* chess.app */ = {isa = PBXFileReference; explicitFileType = wrapper.application; includeInIndex = 0; path = chess.app; sourceTree = BUILT_PRODUCTS_DIR; };
		6B9365402BF6D55E00B59021 /* AppDelegate.swift */ = {isa = PBXFileReference; lastKnownFileType = sourcecode.swift; path = AppDelegate.swift; sourceTree = "<group>"; };
		6B9365422BF6D55E00B59021 /* SceneDelegate.swift */ = {isa = PBXFileReference; lastKnownFileType = sourcecode.swift; path = SceneDelegate.swift; sourceTree = "<group>"; };
		6B9365442BF6D55E00B59021 /* ViewController.swift */ = {isa = PBXFileReference; lastKnownFileType = sourcecode.swift; path = ViewController.swift; sourceTree = "<group>"; };
		6B9365472BF6D55E00B59021 /* Base */ = {isa = PBXFileReference; lastKnownFileType = file.storyboard; name = Base; path = Base.lproj/Main.storyboard; sourceTree = "<group>"; };
		6B93654A2BF6D55E00B59021 /* chess.xcdatamodel */ = {isa = PBXFileReference; lastKnownFileType = wrapper.xcdatamodel; path = chess.xcdatamodel; sourceTree = "<group>"; };
		6B93654F2BF6D56000B59021 /* Base */ = {isa = PBXFileReference; lastKnownFileType = file.storyboard; name = Base; path = Base.lproj/LaunchScreen.storyboard; sourceTree = "<group>"; };
		6B9365512BF6D56000B59021 /* Info.plist */ = {isa = PBXFileReference; lastKnownFileType = text.plist.xml; path = Info.plist; sourceTree = "<group>"; };
		6B93657A2C024A8500B59021 /* chessv3.ttf */ = {isa = PBXFileReference; lastKnownFileType = file; path = chessv3.ttf; sourceTree = "<group>"; };
		6BB1EDF62C0D165D00BB7AD8 /* jsonModel.swift */ = {isa = PBXFileReference; lastKnownFileType = sourcecode.swift; path = jsonModel.swift; sourceTree = "<group>"; };
		6BDBD8622C20635500285B5B /* chatViewController.swift */ = {isa = PBXFileReference; lastKnownFileType = sourcecode.swift; path = chatViewController.swift; sourceTree = "<group>"; };
		6BE6D53A2C0E73B800F046EA /* chessMoves.swift */ = {isa = PBXFileReference; lastKnownFileType = sourcecode.swift; path = chessMoves.swift; sourceTree = "<group>"; };
		6BEF187D2C133C5200D97B60 /* popup.swift */ = {isa = PBXFileReference; lastKnownFileType = sourcecode.swift; path = popup.swift; sourceTree = "<group>"; };
		6BEF18A22C14FC6900D97B60 /* matchData.swift */ = {isa = PBXFileReference; lastKnownFileType = sourcecode.swift; path = matchData.swift; sourceTree = "<group>"; };
		6BEF18A42C19D33F00D97B60 /* pop.xib */ = {isa = PBXFileReference; lastKnownFileType = file.xib; path = pop.xib; sourceTree = "<group>"; };
		6BEF18A62C1A471F00D97B60 /* signupViewController.swift */ = {isa = PBXFileReference; lastKnownFileType = sourcecode.swift; path = signupViewController.swift; sourceTree = "<group>"; };
		6BEF18A82C1A48CD00D97B60 /* signup.storyboard */ = {isa = PBXFileReference; lastKnownFileType = file.storyboard; path = signup.storyboard; sourceTree = "<group>"; };
		6BEF18AA2C1A6FE300D97B60 /* passwordViewController.swift */ = {isa = PBXFileReference; lastKnownFileType = sourcecode.swift; path = passwordViewController.swift; sourceTree = "<group>"; };
		6BEF18AC2C1A6FFF00D97B60 /* usernameViewController.swift */ = {isa = PBXFileReference; lastKnownFileType = sourcecode.swift; path = usernameViewController.swift; sourceTree = "<group>"; };
		6BEF18AE2C1A702A00D97B60 /* mailViewController.swift */ = {isa = PBXFileReference; lastKnownFileType = sourcecode.swift; path = mailViewController.swift; sourceTree = "<group>"; };
		6BEF18B02C1A8F6D00D97B60 /* loginViewController.swift */ = {isa = PBXFileReference; lastKnownFileType = sourcecode.swift; path = loginViewController.swift; sourceTree = "<group>"; };
		6BF1B6E62C08295600B07951 /* MatchViewController.swift */ = {isa = PBXFileReference; lastKnownFileType = sourcecode.swift; path = MatchViewController.swift; sourceTree = "<group>"; };
/* End PBXFileReference section */

/* Begin PBXFrameworksBuildPhase section */
		6B93653A2BF6D55E00B59021 /* Frameworks */ = {
			isa = PBXFrameworksBuildPhase;
			buildActionMask = 2147483647;
			files = (
			);
			runOnlyForDeploymentPostprocessing = 0;
		};
/* End PBXFrameworksBuildPhase section */

/* Begin PBXGroup section */
		6B9365342BF6D55E00B59021 = {
			isa = PBXGroup;
			children = (
				6B93653F2BF6D55E00B59021 /* chess */,
				6B93653E2BF6D55E00B59021 /* Products */,
			);
			sourceTree = "<group>";
		};
		6B93653E2BF6D55E00B59021 /* Products */ = {
			isa = PBXGroup;
			children = (
				6B93653D2BF6D55E00B59021 /* chess.app */,
			);
			name = Products;
			sourceTree = "<group>";
		};
		6B93653F2BF6D55E00B59021 /* chess */ = {
			isa = PBXGroup;
			children = (
				6B2CF95A2C0967BE006ECDB3 /* Assets.xcassets */,
				6B9365402BF6D55E00B59021 /* AppDelegate.swift */,
				6B9365422BF6D55E00B59021 /* SceneDelegate.swift */,
				6B9365442BF6D55E00B59021 /* ViewController.swift */,
				6B9365462BF6D55E00B59021 /* Main.storyboard */,
				6B93654E2BF6D56000B59021 /* LaunchScreen.storyboard */,
				6B93657A2C024A8500B59021 /* chessv3.ttf */,
				6B9365512BF6D56000B59021 /* Info.plist */,
				6B9365492BF6D55E00B59021 /* chess.xcdatamodeld */,
				6B72E2162C04BDCD0069E19F /* tabmenu.swift */,
				6B72E21A2C04C0370069E19F /* puzzleViewController.swift */,
				6B72E21C2C04C0600069E19F /* learnViewController.swift */,
				6B72E21E2C04C0850069E19F /* watchViewController.swift */,
				6B72E2202C04C0B20069E19F /* moreViewController.swift */,
				6B72E2242C069D920069E19F /* playMenuController.swift */,
				6B1A93B92C081B460071174F /* playAFriend.swift */,
				6BF1B6E62C08295600B07951 /* MatchViewController.swift */,
				6B7D96B42C08D90200A1D59E /* chessBoardView.swift */,
				6BB1EDF62C0D165D00BB7AD8 /* jsonModel.swift */,
				6BE6D53A2C0E73B800F046EA /* chessMoves.swift */,
				6BEF187D2C133C5200D97B60 /* popup.swift */,
				6BEF18A22C14FC6900D97B60 /* matchData.swift */,
				6BEF18A42C19D33F00D97B60 /* pop.xib */,
				6BEF18A62C1A471F00D97B60 /* signupViewController.swift */,
				6BEF18A82C1A48CD00D97B60 /* signup.storyboard */,
				6BEF18AA2C1A6FE300D97B60 /* passwordViewController.swift */,
				6BEF18AC2C1A6FFF00D97B60 /* usernameViewController.swift */,
				6BEF18AE2C1A702A00D97B60 /* mailViewController.swift */,
				6BEF18B02C1A8F6D00D97B60 /* loginViewController.swift */,
				6BDBD8622C20635500285B5B /* chatViewController.swift */,
				6B8CC5B32C25F27700BD8425 /* userCard.xib */,
				6B8CC5B52C25F37200BD8425 /* friendCard.swift */,
				6B0126DB2C26819500CF66F2 /* finalViewController.swift */,
			);
			path = chess;
			sourceTree = "<group>";
		};
/* End PBXGroup section */

/* Begin PBXNativeTarget section */
		6B93653C2BF6D55E00B59021 /* chess */ = {
			isa = PBXNativeTarget;
			buildConfigurationList = 6B9365542BF6D56000B59021 /* Build configuration list for PBXNativeTarget "chess" */;
			buildPhases = (
				6B9365392BF6D55E00B59021 /* Sources */,
				6B93653A2BF6D55E00B59021 /* Frameworks */,
				6B93653B2BF6D55E00B59021 /* Resources */,
			);
			buildRules = (
			);
			dependencies = (
			);
			name = chess;
			productName = chess;
			productReference = 6B93653D2BF6D55E00B59021 /* chess.app */;
			productType = "com.apple.product-type.application";
		};
/* End PBXNativeTarget section */

/* Begin PBXProject section */
		6B9365352BF6D55E00B59021 /* Project object */ = {
			isa = PBXProject;
			attributes = {
				BuildIndependentTargetsInParallel = 1;
				LastSwiftUpdateCheck = 1520;
				LastUpgradeCheck = 1520;
				TargetAttributes = {
					6B93653C2BF6D55E00B59021 = {
						CreatedOnToolsVersion = 15.2;
					};
				};
			};
			buildConfigurationList = 6B9365382BF6D55E00B59021 /* Build configuration list for PBXProject "chess" */;
			compatibilityVersion = "Xcode 14.0";
			developmentRegion = en;
			hasScannedForEncodings = 0;
			knownRegions = (
				en,
				Base,
			);
			mainGroup = 6B9365342BF6D55E00B59021;
			productRefGroup = 6B93653E2BF6D55E00B59021 /* Products */;
			projectDirPath = "";
			projectRoot = "";
			targets = (
				6B93653C2BF6D55E00B59021 /* chess */,
			);
		};
/* End PBXProject section */

/* Begin PBXResourcesBuildPhase section */
		6B93653B2BF6D55E00B59021 /* Resources */ = {
			isa = PBXResourcesBuildPhase;
			buildActionMask = 2147483647;
			files = (
				6B9365502BF6D56000B59021 /* LaunchScreen.storyboard in Resources */,
				6B93657B2C024A8600B59021 /* chessv3.ttf in Resources */,
				6BEF18A92C1A48CD00D97B60 /* signup.storyboard in Resources */,
				6BEF18A52C19D33F00D97B60 /* pop.xib in Resources */,
				6B8CC5B42C25F27700BD8425 /* userCard.xib in Resources */,
				6B2CF95B2C0967BF006ECDB3 /* Assets.xcassets in Resources */,
				6B9365482BF6D55E00B59021 /* Main.storyboard in Resources */,
			);
			runOnlyForDeploymentPostprocessing = 0;
		};
/* End PBXResourcesBuildPhase section */

/* Begin PBXSourcesBuildPhase section */
		6B9365392BF6D55E00B59021 /* Sources */ = {
			isa = PBXSourcesBuildPhase;
			buildActionMask = 2147483647;
			files = (
				6BF1B6E72C08295600B07951 /* MatchViewController.swift in Sources */,
				6BEF18A32C14FC6900D97B60 /* matchData.swift in Sources */,
				6B72E21F2C04C0850069E19F /* watchViewController.swift in Sources */,
				6B72E2252C069D920069E19F /* playMenuController.swift in Sources */,
				6B93654B2BF6D55E00B59021 /* chess.xcdatamodeld in Sources */,
				6B72E21B2C04C0370069E19F /* puzzleViewController.swift in Sources */,
				6BEF18A72C1A471F00D97B60 /* signupViewController.swift in Sources */,
				6B72E2212C04C0B20069E19F /* moreViewController.swift in Sources */,
				6B9365452BF6D55E00B59021 /* ViewController.swift in Sources */,
				6BDBD8632C20635500285B5B /* chatViewController.swift in Sources */,
				6B72E2172C04BDCD0069E19F /* tabmenu.swift in Sources */,
				6B0126DC2C26819500CF66F2 /* finalViewController.swift in Sources */,
				6BEF18AF2C1A702A00D97B60 /* mailViewController.swift in Sources */,
				6B7D96B52C08D90200A1D59E /* chessBoardView.swift in Sources */,
				6BEF18B12C1A8F6D00D97B60 /* loginViewController.swift in Sources */,
				6B72E21D2C04C0600069E19F /* learnViewController.swift in Sources */,
				6BEF187E2C133C5200D97B60 /* popup.swift in Sources */,
				6B9365412BF6D55E00B59021 /* AppDelegate.swift in Sources */,
				6BEF18AB2C1A6FE300D97B60 /* passwordViewController.swift in Sources */,
				6BE6D53B2C0E73B800F046EA /* chessMoves.swift in Sources */,
				6BB1EDF72C0D165D00BB7AD8 /* jsonModel.swift in Sources */,
				6B1A93BA2C081B460071174F /* playAFriend.swift in Sources */,
				6B8CC5B62C25F37200BD8425 /* friendCard.swift in Sources */,
				6BEF18AD2C1A6FFF00D97B60 /* usernameViewController.swift in Sources */,
				6B9365432BF6D55E00B59021 /* SceneDelegate.swift in Sources */,
			);
			runOnlyForDeploymentPostprocessing = 0;
		};
/* End PBXSourcesBuildPhase section */

/* Begin PBXVariantGroup section */
		6B9365462BF6D55E00B59021 /* Main.storyboard */ = {
			isa = PBXVariantGroup;
			children = (
				6B9365472BF6D55E00B59021 /* Base */,
			);
			name = Main.storyboard;
			sourceTree = "<group>";
		};
		6B93654E2BF6D56000B59021 /* LaunchScreen.storyboard */ = {
			isa = PBXVariantGroup;
			children = (
				6B93654F2BF6D56000B59021 /* Base */,
			);
			name = LaunchScreen.storyboard;
			sourceTree = "<group>";
		};
/* End PBXVariantGroup section */

/* Begin XCBuildConfiguration section */
		6B9365522BF6D56000B59021 /* Debug */ = {
			isa = XCBuildConfiguration;
			buildSettings = {
				ALWAYS_SEARCH_USER_PATHS = NO;
				ASSETCATALOG_COMPILER_GENERATE_SWIFT_ASSET_SYMBOL_EXTENSIONS = YES;
				CLANG_ANALYZER_NONNULL = YES;
				CLANG_ANALYZER_NUMBER_OBJECT_CONVERSION = YES_AGGRESSIVE;
				CLANG_CXX_LANGUAGE_STANDARD = "gnu++20";
				CLANG_ENABLE_MODULES = YES;
				CLANG_ENABLE_OBJC_ARC = YES;
				CLANG_ENABLE_OBJC_WEAK = YES;
				CLANG_WARN_BLOCK_CAPTURE_AUTORELEASING = YES;
				CLANG_WARN_BOOL_CONVERSION = YES;
				CLANG_WARN_COMMA = YES;
				CLANG_WARN_CONSTANT_CONVERSION = YES;
				CLANG_WARN_DEPRECATED_OBJC_IMPLEMENTATIONS = YES;
				CLANG_WARN_DIRECT_OBJC_ISA_USAGE = YES_ERROR;
				CLANG_WARN_DOCUMENTATION_COMMENTS = YES;
				CLANG_WARN_EMPTY_BODY = YES;
				CLANG_WARN_ENUM_CONVERSION = YES;
				CLANG_WARN_INFINITE_RECURSION = YES;
				CLANG_WARN_INT_CONVERSION = YES;
				CLANG_WARN_NON_LITERAL_NULL_CONVERSION = YES;
				CLANG_WARN_OBJC_IMPLICIT_RETAIN_SELF = YES;
				CLANG_WARN_OBJC_LITERAL_CONVERSION = YES;
				CLANG_WARN_OBJC_ROOT_CLASS = YES_ERROR;
				CLANG_WARN_QUOTED_INCLUDE_IN_FRAMEWORK_HEADER = YES;
				CLANG_WARN_RANGE_LOOP_ANALYSIS = YES;
				CLANG_WARN_STRICT_PROTOTYPES = YES;
				CLANG_WARN_SUSPICIOUS_MOVE = YES;
				CLANG_WARN_UNGUARDED_AVAILABILITY = YES_AGGRESSIVE;
				CLANG_WARN_UNREACHABLE_CODE = YES;
				CLANG_WARN__DUPLICATE_METHOD_MATCH = YES;
				COPY_PHASE_STRIP = NO;
				DEBUG_INFORMATION_FORMAT = dwarf;
				ENABLE_STRICT_OBJC_MSGSEND = YES;
				ENABLE_TESTABILITY = YES;
				ENABLE_USER_SCRIPT_SANDBOXING = YES;
				GCC_C_LANGUAGE_STANDARD = gnu17;
				GCC_DYNAMIC_NO_PIC = NO;
				GCC_NO_COMMON_BLOCKS = YES;
				GCC_OPTIMIZATION_LEVEL = 0;
				GCC_PREPROCESSOR_DEFINITIONS = (
					"DEBUG=1",
					"$(inherited)",
				);
				GCC_WARN_64_TO_32_BIT_CONVERSION = YES;
				GCC_WARN_ABOUT_RETURN_TYPE = YES_ERROR;
				GCC_WARN_UNDECLARED_SELECTOR = YES;
				GCC_WARN_UNINITIALIZED_AUTOS = YES_AGGRESSIVE;
				GCC_WARN_UNUSED_FUNCTION = YES;
				GCC_WARN_UNUSED_VARIABLE = YES;
				IPHONEOS_DEPLOYMENT_TARGET = 17.2;
				LOCALIZATION_PREFERS_STRING_CATALOGS = YES;
				MTL_ENABLE_DEBUG_INFO = INCLUDE_SOURCE;
				MTL_FAST_MATH = YES;
				ONLY_ACTIVE_ARCH = YES;
				SDKROOT = iphoneos;
				SWIFT_ACTIVE_COMPILATION_CONDITIONS = "DEBUG $(inherited)";
				SWIFT_OPTIMIZATION_LEVEL = "-Onone";
			};
			name = Debug;
		};
		6B9365532BF6D56000B59021 /* Release */ = {
			isa = XCBuildConfiguration;
			buildSettings = {
				ALWAYS_SEARCH_USER_PATHS = NO;
				ASSETCATALOG_COMPILER_GENERATE_SWIFT_ASSET_SYMBOL_EXTENSIONS = YES;
				CLANG_ANALYZER_NONNULL = YES;
				CLANG_ANALYZER_NUMBER_OBJECT_CONVERSION = YES_AGGRESSIVE;
				CLANG_CXX_LANGUAGE_STANDARD = "gnu++20";
				CLANG_ENABLE_MODULES = YES;
				CLANG_ENABLE_OBJC_ARC = YES;
				CLANG_ENABLE_OBJC_WEAK = YES;
				CLANG_WARN_BLOCK_CAPTURE_AUTORELEASING = YES;
				CLANG_WARN_BOOL_CONVERSION = YES;
				CLANG_WARN_COMMA = YES;
				CLANG_WARN_CONSTANT_CONVERSION = YES;
				CLANG_WARN_DEPRECATED_OBJC_IMPLEMENTATIONS = YES;
				CLANG_WARN_DIRECT_OBJC_ISA_USAGE = YES_ERROR;
				CLANG_WARN_DOCUMENTATION_COMMENTS = YES;
				CLANG_WARN_EMPTY_BODY = YES;
				CLANG_WARN_ENUM_CONVERSION = YES;
				CLANG_WARN_INFINITE_RECURSION = YES;
				CLANG_WARN_INT_CONVERSION = YES;
				CLANG_WARN_NON_LITERAL_NULL_CONVERSION = YES;
				CLANG_WARN_OBJC_IMPLICIT_RETAIN_SELF = YES;
				CLANG_WARN_OBJC_LITERAL_CONVERSION = YES;
				CLANG_WARN_OBJC_ROOT_CLASS = YES_ERROR;
				CLANG_WARN_QUOTED_INCLUDE_IN_FRAMEWORK_HEADER = YES;
				CLANG_WARN_RANGE_LOOP_ANALYSIS = YES;
				CLANG_WARN_STRICT_PROTOTYPES = YES;
				CLANG_WARN_SUSPICIOUS_MOVE = YES;
				CLANG_WARN_UNGUARDED_AVAILABILITY = YES_AGGRESSIVE;
				CLANG_WARN_UNREACHABLE_CODE = YES;
				CLANG_WARN__DUPLICATE_METHOD_MATCH = YES;
				COPY_PHASE_STRIP = NO;
				DEBUG_INFORMATION_FORMAT = "dwarf-with-dsym";
				ENABLE_NS_ASSERTIONS = NO;
				ENABLE_STRICT_OBJC_MSGSEND = YES;
				ENABLE_USER_SCRIPT_SANDBOXING = YES;
				GCC_C_LANGUAGE_STANDARD = gnu17;
				GCC_NO_COMMON_BLOCKS = YES;
				GCC_WARN_64_TO_32_BIT_CONVERSION = YES;
				GCC_WARN_ABOUT_RETURN_TYPE = YES_ERROR;
				GCC_WARN_UNDECLARED_SELECTOR = YES;
				GCC_WARN_UNINITIALIZED_AUTOS = YES_AGGRESSIVE;
				GCC_WARN_UNUSED_FUNCTION = YES;
				GCC_WARN_UNUSED_VARIABLE = YES;
				IPHONEOS_DEPLOYMENT_TARGET = 17.2;
				LOCALIZATION_PREFERS_STRING_CATALOGS = YES;
				MTL_ENABLE_DEBUG_INFO = NO;
				MTL_FAST_MATH = YES;
				SDKROOT = iphoneos;
				SWIFT_COMPILATION_MODE = wholemodule;
				VALIDATE_PRODUCT = YES;
			};
			name = Release;
		};
		6B9365552BF6D56000B59021 /* Debug */ = {
			isa = XCBuildConfiguration;
			buildSettings = {
				ASSETCATALOG_COMPILER_APPICON_NAME = AppIcon;
				ASSETCATALOG_COMPILER_GLOBAL_ACCENT_COLOR_NAME = AccentColor;
				CODE_SIGN_STYLE = Automatic;
				CURRENT_PROJECT_VERSION = 1;
				DEVELOPMENT_TEAM = 3J24V7F753;
				GENERATE_INFOPLIST_FILE = YES;
				INFOPLIST_FILE = chess/Info.plist;
				INFOPLIST_KEY_UIApplicationSupportsIndirectInputEvents = YES;
				INFOPLIST_KEY_UILaunchStoryboardName = LaunchScreen;
				INFOPLIST_KEY_UIMainStoryboardFile = Main;
				INFOPLIST_KEY_UIStatusBarStyle = "";
				INFOPLIST_KEY_UISupportedInterfaceOrientations_iPad = "UIInterfaceOrientationPortrait UIInterfaceOrientationPortraitUpsideDown UIInterfaceOrientationLandscapeLeft UIInterfaceOrientationLandscapeRight";
				INFOPLIST_KEY_UISupportedInterfaceOrientations_iPhone = "UIInterfaceOrientationPortrait UIInterfaceOrientationLandscapeLeft UIInterfaceOrientationLandscapeRight";
				LD_RUNPATH_SEARCH_PATHS = (
					"$(inherited)",
					"@executable_path/Frameworks",
				);
				MARKETING_VERSION = 1.0;
				PRODUCT_BUNDLE_IDENTIFIER = akasharchives.com.chess;
				PRODUCT_NAME = "$(TARGET_NAME)";
				SWIFT_EMIT_LOC_STRINGS = YES;
				SWIFT_VERSION = 5.0;
				TARGETED_DEVICE_FAMILY = "1,2";
			};
			name = Debug;
		};
		6B9365562BF6D56000B59021 /* Release */ = {
			isa = XCBuildConfiguration;
			buildSettings = {
				ASSETCATALOG_COMPILER_APPICON_NAME = AppIcon;
				ASSETCATALOG_COMPILER_GLOBAL_ACCENT_COLOR_NAME = AccentColor;
				CODE_SIGN_STYLE = Automatic;
				CURRENT_PROJECT_VERSION = 1;
				DEVELOPMENT_TEAM = 3J24V7F753;
				GENERATE_INFOPLIST_FILE = YES;
				INFOPLIST_FILE = chess/Info.plist;
				INFOPLIST_KEY_UIApplicationSupportsIndirectInputEvents = YES;
				INFOPLIST_KEY_UILaunchStoryboardName = LaunchScreen;
				INFOPLIST_KEY_UIMainStoryboardFile = Main;
				INFOPLIST_KEY_UIStatusBarStyle = "";
				INFOPLIST_KEY_UISupportedInterfaceOrientations_iPad = "UIInterfaceOrientationPortrait UIInterfaceOrientationPortraitUpsideDown UIInterfaceOrientationLandscapeLeft UIInterfaceOrientationLandscapeRight";
				INFOPLIST_KEY_UISupportedInterfaceOrientations_iPhone = "UIInterfaceOrientationPortrait UIInterfaceOrientationLandscapeLeft UIInterfaceOrientationLandscapeRight";
				LD_RUNPATH_SEARCH_PATHS = (
					"$(inherited)",
					"@executable_path/Frameworks",
				);
				MARKETING_VERSION = 1.0;
				PRODUCT_BUNDLE_IDENTIFIER = akasharchives.com.chess;
				PRODUCT_NAME = "$(TARGET_NAME)";
				SWIFT_EMIT_LOC_STRINGS = YES;
				SWIFT_VERSION = 5.0;
				TARGETED_DEVICE_FAMILY = "1,2";
			};
			name = Release;
		};
/* End XCBuildConfiguration section */

/* Begin XCConfigurationList section */
		6B9365382BF6D55E00B59021 /* Build configuration list for PBXProject "chess" */ = {
			isa = XCConfigurationList;
			buildConfigurations = (
				6B9365522BF6D56000B59021 /* Debug */,
				6B9365532BF6D56000B59021 /* Release */,
			);
			defaultConfigurationIsVisible = 0;
			defaultConfigurationName = Release;
		};
		6B9365542BF6D56000B59021 /* Build configuration list for PBXNativeTarget "chess" */ = {
			isa = XCConfigurationList;
			buildConfigurations = (
				6B9365552BF6D56000B59021 /* Debug */,
				6B9365562BF6D56000B59021 /* Release */,
			);
			defaultConfigurationIsVisible = 0;
			defaultConfigurationName = Release;
		};
/* End XCConfigurationList section */

/* Begin XCVersionGroup section */
		6B9365492BF6D55E00B59021 /* chess.xcdatamodeld */ = {
			isa = XCVersionGroup;
			children = (
				6B93654A2BF6D55E00B59021 /* chess.xcdatamodel */,
			);
			currentVersion = 6B93654A2BF6D55E00B59021 /* chess.xcdatamodel */;
			path = chess.xcdatamodeld;
			sourceTree = "<group>";
			versionGroupType = wrapper.xcdatamodel;
		};
/* End XCVersionGroup section */
	};
	rootObject = 6B9365352BF6D55E00B59021 /* Project object */;
}
